
Microsoft Visual Studio Solution File, Format Version 12.00
# Visual Studio 14
VisualStudioVersion = 14.0.25420.1
MinimumVisualStudioVersion = 10.0.40219.1
Project("{FAE04EC0-301F-11D3-BF4B-00C04F79EFBC}") = "monsterhunterAPI", "monsterhunterAPI\monsterhunterAPI.csproj", "{C16BCF2B-55F0-4F0A-AF7D-61208354D54F}"
EndProject
Project("{FAE04EC0-301F-11D3-BF4B-00C04F79EFBC}") = "monsterhunterAPI.Tests", "monsterhunterAPI.Tests\monsterhunterAPI.Tests.csproj", "{0B4DAF5A-2DDE-41A0-939F-52C6AD850E1B}"
EndProject
Global
	GlobalSection(SolutionConfigurationPlatforms) = preSolution
		Debug|Any CPU = Debug|Any CPU
		Release|Any CPU = Release|Any CPU
	EndGlobalSection
	GlobalSection(ProjectConfigurationPlatforms) = postSolution
		{C16BCF2B-55F0-4F0A-AF7D-61208354D54F}.Debug|Any CPU.ActiveCfg = Debug|Any CPU
		{C16BCF2B-55F0-4F0A-AF7D-61208354D54F}.Debug|Any CPU.Build.0 = Debug|Any CPU
		{C16BCF2B-55F0-4F0A-AF7D-61208354D54F}.Release|Any CPU.ActiveCfg = Release|Any CPU
		{C16BCF2B-55F0-4F0A-AF7D-61208354D54F}.Release|Any CPU.Build.0 = Release|Any CPU
		{0B4DAF5A-2DDE-41A0-939F-52C6AD850E1B}.Debug|Any CPU.ActiveCfg = Debug|Any CPU
		{0B4DAF5A-2DDE-41A0-939F-52C6AD850E1B}.Debug|Any CPU.Build.0 = Debug|Any CPU
		{0B4DAF5A-2DDE-41A0-939F-52C6AD850E1B}.Release|Any CPU.ActiveCfg = Release|Any CPU
		{0B4DAF5A-2DDE-41A0-939F-52C6AD850E1B}.Release|Any CPU.Build.0 = Release|Any CPU
	EndGlobalSection
	GlobalSection(SolutionProperties) = preSolution
		HideSolutionNode = FALSE
	EndGlobalSection
EndGlobal
